
Microsoft Visual Studio Solution File, Format Version 12.00
# Visual Studio Version 16
VisualStudioVersion = 16.0.31911.196
MinimumVisualStudioVersion = 10.0.40219.1
Project("{FAE04EC0-301F-11D3-BF4B-00C04F79EFBC}") = "WeatherApp api", "WeatherApp\WeatherApp api.csproj", "{B2BECA58-D30E-4C59-B946-6C719D06AC71}"
EndProject
Global
	GlobalSection(SolutionConfigurationPlatforms) = preSolution
		Debug|Any CPU = Debug|Any CPU
		Release|Any CPU = Release|Any CPU
	EndGlobalSection
	GlobalSection(ProjectConfigurationPlatforms) = postSolution
		{B2BECA58-D30E-4C59-B946-6C719D06AC71}.Debug|Any CPU.ActiveCfg = Debug|Any CPU
		{B2BECA58-D30E-4C59-B946-6C719D06AC71}.Debug|Any CPU.Build.0 = Debug|Any CPU
		{B2BECA58-D30E-4C59-B946-6C719D06AC71}.Release|Any CPU.ActiveCfg = Release|Any CPU
		{B2BECA58-D30E-4C59-B946-6C719D06AC71}.Release|Any CPU.Build.0 = Release|Any CPU
	EndGlobalSection
	GlobalSection(SolutionProperties) = preSolution
		HideSolutionNode = FALSE
	EndGlobalSection
	GlobalSection(ExtensibilityGlobals) = postSolution
		SolutionGuid = {5131E125-C456-4B32-9AB3-A97D61388109}
	EndGlobalSection
EndGlobal
